// !$*UTF8*$!
{
	archiveVersion = 1;
	classes = {
	};
	objectVersion = 56;
	objects = {

/* Begin PBXBuildFile section */
		D8A89B0E2BF55D2000DD2CAC /* SoulMateApp.swift in Sources */ = {isa = PBXBuildFile; fileRef = D8A89B0D2BF55D2000DD2CAC /* SoulMateApp.swift */; };
		D8A89B102BF55D2000DD2CAC /* ContentView.swift in Sources */ = {isa = PBXBuildFile; fileRef = D8A89B0F2BF55D2000DD2CAC /* ContentView.swift */; };
		D8A89B122BF55D2200DD2CAC /* Assets.xcassets in Resources */ = {isa = PBXBuildFile; fileRef = D8A89B112BF55D2200DD2CAC /* Assets.xcassets */; };
		D8A89B152BF55D2200DD2CAC /* Preview Assets.xcassets in Resources */ = {isa = PBXBuildFile; fileRef = D8A89B142BF55D2200DD2CAC /* Preview Assets.xcassets */; };
		D8A89B282BF669F700DD2CAC /* MainTabView.swift in Sources */ = {isa = PBXBuildFile; fileRef = D8A89B272BF669F700DD2CAC /* MainTabView.swift */; };
		D8A89B2A2BF66F1800DD2CAC /* ProfileView.swift in Sources */ = {isa = PBXBuildFile; fileRef = D8A89B292BF66F1800DD2CAC /* ProfileView.swift */; };
		D8A89B2C2BF690FD00DD2CAC /* FeedView.swift in Sources */ = {isa = PBXBuildFile; fileRef = D8A89B2B2BF690FD00DD2CAC /* FeedView.swift */; };
		D8A89B2E2BF6910600DD2CAC /* FeedCell.swift in Sources */ = {isa = PBXBuildFile; fileRef = D8A89B2D2BF6910600DD2CAC /* FeedCell.swift */; };
/* End PBXBuildFile section */

/* Begin PBXFileReference section */
		D8A89B0A2BF55D2000DD2CAC /* SoulMate.app */ = {isa = PBXFileReference; explicitFileType = wrapper.application; includeInIndex = 0; path = SoulMate.app; sourceTree = BUILT_PRODUCTS_DIR; };
		D8A89B0D2BF55D2000DD2CAC /* SoulMateApp.swift */ = {isa = PBXFileReference; lastKnownFileType = sourcecode.swift; path = SoulMateApp.swift; sourceTree = "<group>"; };
		D8A89B0F2BF55D2000DD2CAC /* ContentView.swift */ = {isa = PBXFileReference; lastKnownFileType = sourcecode.swift; path = ContentView.swift; sourceTree = "<group>"; };
		D8A89B112BF55D2200DD2CAC /* Assets.xcassets */ = {isa = PBXFileReference; lastKnownFileType = folder.assetcatalog; path = Assets.xcassets; sourceTree = "<group>"; };
		D8A89B142BF55D2200DD2CAC /* Preview Assets.xcassets */ = {isa = PBXFileReference; lastKnownFileType = folder.assetcatalog; path = "Preview Assets.xcassets"; sourceTree = "<group>"; };
		D8A89B272BF669F700DD2CAC /* MainTabView.swift */ = {isa = PBXFileReference; lastKnownFileType = sourcecode.swift; path = MainTabView.swift; sourceTree = "<group>"; };
		D8A89B292BF66F1800DD2CAC /* ProfileView.swift */ = {isa = PBXFileReference; lastKnownFileType = sourcecode.swift; path = ProfileView.swift; sourceTree = "<group>"; };
		D8A89B2B2BF690FD00DD2CAC /* FeedView.swift */ = {isa = PBXFileReference; lastKnownFileType = sourcecode.swift; path = FeedView.swift; sourceTree = "<group>"; };
		D8A89B2D2BF6910600DD2CAC /* FeedCell.swift */ = {isa = PBXFileReference; lastKnownFileType = sourcecode.swift; path = FeedCell.swift; sourceTree = "<group>"; };
/* End PBXFileReference section */

/* Begin PBXFrameworksBuildPhase section */
		D8A89B072BF55D2000DD2CAC /* Frameworks */ = {
			isa = PBXFrameworksBuildPhase;
			buildActionMask = 2147483647;
			files = (
			);
			runOnlyForDeploymentPostprocessing = 0;
		};
/* End PBXFrameworksBuildPhase section */

/* Begin PBXGroup section */
		D8A89B012BF55D2000DD2CAC = {
			isa = PBXGroup;
			children = (
				D8A89B0C2BF55D2000DD2CAC /* SoulMate */,
				D8A89B0B2BF55D2000DD2CAC /* Products */,
			);
			sourceTree = "<group>";
		};
		D8A89B0B2BF55D2000DD2CAC /* Products */ = {
			isa = PBXGroup;
			children = (
				D8A89B0A2BF55D2000DD2CAC /* SoulMate.app */,
			);
			name = Products;
			sourceTree = "<group>";
		};
		D8A89B0C2BF55D2000DD2CAC /* SoulMate */ = {
			isa = PBXGroup;
			children = (
				D8A89B0F2BF55D2000DD2CAC /* ContentView.swift */,
				D8A89B112BF55D2200DD2CAC /* Assets.xcassets */,
				D8A89B1C2BF6695100DD2CAC /* Core */,
				D8A89B1F2BF6696600DD2CAC /* Services */,
				D8A89B1E2BF6696000DD2CAC /* Models */,
				D8A89B1D2BF6695600DD2CAC /* Extensions */,
				D8A89B1B2BF6694A00DD2CAC /* App */,
				D8A89B132BF55D2200DD2CAC /* Preview Content */,
			);
			path = SoulMate;
			sourceTree = "<group>";
		};
		D8A89B132BF55D2200DD2CAC /* Preview Content */ = {
			isa = PBXGroup;
			children = (
				D8A89B142BF55D2200DD2CAC /* Preview Assets.xcassets */,
			);
			path = "Preview Content";
			sourceTree = "<group>";
		};
		D8A89B1B2BF6694A00DD2CAC /* App */ = {
			isa = PBXGroup;
			children = (
				D8A89B0D2BF55D2000DD2CAC /* SoulMateApp.swift */,
			);
			path = App;
			sourceTree = "<group>";
		};
		D8A89B1C2BF6695100DD2CAC /* Core */ = {
			isa = PBXGroup;
			children = (
				D8A89B262BF669CE00DD2CAC /* Authentication */,
				D8A89B252BF669C500DD2CAC /* Feed */,
				D8A89B242BF669C000DD2CAC /* Profile */,
				D8A89B232BF669BA00DD2CAC /* Root */,
				D8A89B222BF669B300DD2CAC /* Search */,
				D8A89B212BF669AD00DD2CAC /* TabBar */,
				D8A89B202BF669A200DD2CAC /* UploadPost */,
			);
			path = Core;
			sourceTree = "<group>";
		};
		D8A89B1D2BF6695600DD2CAC /* Extensions */ = {
			isa = PBXGroup;
			children = (
			);
			path = Extensions;
			sourceTree = "<group>";
		};
		D8A89B1E2BF6696000DD2CAC /* Models */ = {
			isa = PBXGroup;
			children = (
			);
			path = Models;
			sourceTree = "<group>";
		};
		D8A89B1F2BF6696600DD2CAC /* Services */ = {
			isa = PBXGroup;
			children = (
			);
			path = Services;
			sourceTree = "<group>";
		};
		D8A89B202BF669A200DD2CAC /* UploadPost */ = {
			isa = PBXGroup;
			children = (
			);
			path = UploadPost;
			sourceTree = "<group>";
		};
		D8A89B212BF669AD00DD2CAC /* TabBar */ = {
			isa = PBXGroup;
			children = (
				D8A89B272BF669F700DD2CAC /* MainTabView.swift */,
			);
			path = TabBar;
			sourceTree = "<group>";
		};
		D8A89B222BF669B300DD2CAC /* Search */ = {
			isa = PBXGroup;
			children = (
			);
			path = Search;
			sourceTree = "<group>";
		};
		D8A89B232BF669BA00DD2CAC /* Root */ = {
			isa = PBXGroup;
			children = (
			);
			path = Root;
			sourceTree = "<group>";
		};
		D8A89B242BF669C000DD2CAC /* Profile */ = {
			isa = PBXGroup;
			children = (
				D8A89B292BF66F1800DD2CAC /* ProfileView.swift */,
			);
			path = Profile;
			sourceTree = "<group>";
		};
		D8A89B252BF669C500DD2CAC /* Feed */ = {
			isa = PBXGroup;
			children = (
				D8A89B2B2BF690FD00DD2CAC /* FeedView.swift */,
				D8A89B2D2BF6910600DD2CAC /* FeedCell.swift */,
			);
			path = Feed;
			sourceTree = "<group>";
		};
		D8A89B262BF669CE00DD2CAC /* Authentication */ = {
			isa = PBXGroup;
			children = (
			);
			path = Authentication;
			sourceTree = "<group>";
		};
/* End PBXGroup section */

/* Begin PBXNativeTarget section */
		D8A89B092BF55D2000DD2CAC /* SoulMate */ = {
			isa = PBXNativeTarget;
			buildConfigurationList = D8A89B182BF55D2200DD2CAC /* Build configuration list for PBXNativeTarget "SoulMate" */;
			buildPhases = (
				D8A89B062BF55D2000DD2CAC /* Sources */,
				D8A89B072BF55D2000DD2CAC /* Frameworks */,
				D8A89B082BF55D2000DD2CAC /* Resources */,
			);
			buildRules = (
			);
			dependencies = (
			);
			name = SoulMate;
			productName = SoulMate;
			productReference = D8A89B0A2BF55D2000DD2CAC /* SoulMate.app */;
			productType = "com.apple.product-type.application";
		};
/* End PBXNativeTarget section */

/* Begin PBXProject section */
		D8A89B022BF55D2000DD2CAC /* Project object */ = {
			isa = PBXProject;
			attributes = {
				BuildIndependentTargetsInParallel = 1;
				LastSwiftUpdateCheck = 1540;
				LastUpgradeCheck = 1540;
				TargetAttributes = {
					D8A89B092BF55D2000DD2CAC = {
						CreatedOnToolsVersion = 15.4;
					};
				};
			};
			buildConfigurationList = D8A89B052BF55D2000DD2CAC /* Build configuration list for PBXProject "SoulMate" */;
			compatibilityVersion = "Xcode 14.0";
			developmentRegion = en;
			hasScannedForEncodings = 0;
			knownRegions = (
				en,
				Base,
			);
			mainGroup = D8A89B012BF55D2000DD2CAC;
			productRefGroup = D8A89B0B2BF55D2000DD2CAC /* Products */;
			projectDirPath = "";
			projectRoot = "";
			targets = (
				D8A89B092BF55D2000DD2CAC /* SoulMate */,
			);
		};
/* End PBXProject section */

/* Begin PBXResourcesBuildPhase section */
		D8A89B082BF55D2000DD2CAC /* Resources */ = {
			isa = PBXResourcesBuildPhase;
			buildActionMask = 2147483647;
			files = (
				D8A89B152BF55D2200DD2CAC /* Preview Assets.xcassets in Resources */,
				D8A89B122BF55D2200DD2CAC /* Assets.xcassets in Resources */,
			);
			runOnlyForDeploymentPostprocessing = 0;
		};
/* End PBXResourcesBuildPhase section */

/* Begin PBXSourcesBuildPhase section */
		D8A89B062BF55D2000DD2CAC /* Sources */ = {
			isa = PBXSourcesBuildPhase;
			buildActionMask = 2147483647;
			files = (
				D8A89B2C2BF690FD00DD2CAC /* FeedView.swift in Sources */,
				D8A89B2A2BF66F1800DD2CAC /* ProfileView.swift in Sources */,
				D8A89B102BF55D2000DD2CAC /* ContentView.swift in Sources */,
				D8A89B0E2BF55D2000DD2CAC /* SoulMateApp.swift in Sources */,
				D8A89B282BF669F700DD2CAC /* MainTabView.swift in Sources */,
				D8A89B2E2BF6910600DD2CAC /* FeedCell.swift in Sources */,
			);
			runOnlyForDeploymentPostprocessing = 0;
		};
/* End PBXSourcesBuildPhase section */

/* Begin XCBuildConfiguration section */
		D8A89B162BF55D2200DD2CAC /* Debug */ = {
			isa = XCBuildConfiguration;
			buildSettings = {
				ALWAYS_SEARCH_USER_PATHS = NO;
				ASSETCATALOG_COMPILER_GENERATE_SWIFT_ASSET_SYMBOL_EXTENSIONS = YES;
				CLANG_ANALYZER_NONNULL = YES;
				CLANG_ANALYZER_NUMBER_OBJECT_CONVERSION = YES_AGGRESSIVE;
				CLANG_CXX_LANGUAGE_STANDARD = "gnu++20";
				CLANG_ENABLE_MODULES = YES;
				CLANG_ENABLE_OBJC_ARC = YES;
				CLANG_ENABLE_OBJC_WEAK = YES;
				CLANG_WARN_BLOCK_CAPTURE_AUTORELEASING = YES;
				CLANG_WARN_BOOL_CONVERSION = YES;
				CLANG_WARN_COMMA = YES;
				CLANG_WARN_CONSTANT_CONVERSION = YES;
				CLANG_WARN_DEPRECATED_OBJC_IMPLEMENTATIONS = YES;
				CLANG_WARN_DIRECT_OBJC_ISA_USAGE = YES_ERROR;
				CLANG_WARN_DOCUMENTATION_COMMENTS = YES;
				CLANG_WARN_EMPTY_BODY = YES;
				CLANG_WARN_ENUM_CONVERSION = YES;
				CLANG_WARN_INFINITE_RECURSION = YES;
				CLANG_WARN_INT_CONVERSION = YES;
				CLANG_WARN_NON_LITERAL_NULL_CONVERSION = YES;
				CLANG_WARN_OBJC_IMPLICIT_RETAIN_SELF = YES;
				CLANG_WARN_OBJC_LITERAL_CONVERSION = YES;
				CLANG_WARN_OBJC_ROOT_CLASS = YES_ERROR;
				CLANG_WARN_QUOTED_INCLUDE_IN_FRAMEWORK_HEADER = YES;
				CLANG_WARN_RANGE_LOOP_ANALYSIS = YES;
				CLANG_WARN_STRICT_PROTOTYPES = YES;
				CLANG_WARN_SUSPICIOUS_MOVE = YES;
				CLANG_WARN_UNGUARDED_AVAILABILITY = YES_AGGRESSIVE;
				CLANG_WARN_UNREACHABLE_CODE = YES;
				CLANG_WARN__DUPLICATE_METHOD_MATCH = YES;
				COPY_PHASE_STRIP = NO;
				DEBUG_INFORMATION_FORMAT = dwarf;
				ENABLE_STRICT_OBJC_MSGSEND = YES;
				ENABLE_TESTABILITY = YES;
				ENABLE_USER_SCRIPT_SANDBOXING = YES;
				GCC_C_LANGUAGE_STANDARD = gnu17;
				GCC_DYNAMIC_NO_PIC = NO;
				GCC_NO_COMMON_BLOCKS = YES;
				GCC_OPTIMIZATION_LEVEL = 0;
				GCC_PREPROCESSOR_DEFINITIONS = (
					"DEBUG=1",
					"$(inherited)",
				);
				GCC_WARN_64_TO_32_BIT_CONVERSION = YES;
				GCC_WARN_ABOUT_RETURN_TYPE = YES_ERROR;
				GCC_WARN_UNDECLARED_SELECTOR = YES;
				GCC_WARN_UNINITIALIZED_AUTOS = YES_AGGRESSIVE;
				GCC_WARN_UNUSED_FUNCTION = YES;
				GCC_WARN_UNUSED_VARIABLE = YES;
				IPHONEOS_DEPLOYMENT_TARGET = 17.5;
				LOCALIZATION_PREFERS_STRING_CATALOGS = YES;
				MTL_ENABLE_DEBUG_INFO = INCLUDE_SOURCE;
				MTL_FAST_MATH = YES;
				ONLY_ACTIVE_ARCH = YES;
				SDKROOT = iphoneos;
				SWIFT_ACTIVE_COMPILATION_CONDITIONS = "DEBUG $(inherited)";
				SWIFT_OPTIMIZATION_LEVEL = "-Onone";
			};
			name = Debug;
		};
		D8A89B172BF55D2200DD2CAC /* Release */ = {
			isa = XCBuildConfiguration;
			buildSettings = {
				ALWAYS_SEARCH_USER_PATHS = NO;
				ASSETCATALOG_COMPILER_GENERATE_SWIFT_ASSET_SYMBOL_EXTENSIONS = YES;
				CLANG_ANALYZER_NONNULL = YES;
				CLANG_ANALYZER_NUMBER_OBJECT_CONVERSION = YES_AGGRESSIVE;
				CLANG_CXX_LANGUAGE_STANDARD = "gnu++20";
				CLANG_ENABLE_MODULES = YES;
				CLANG_ENABLE_OBJC_ARC = YES;
				CLANG_ENABLE_OBJC_WEAK = YES;
				CLANG_WARN_BLOCK_CAPTURE_AUTORELEASING = YES;
				CLANG_WARN_BOOL_CONVERSION = YES;
				CLANG_WARN_COMMA = YES;
				CLANG_WARN_CONSTANT_CONVERSION = YES;
				CLANG_WARN_DEPRECATED_OBJC_IMPLEMENTATIONS = YES;
				CLANG_WARN_DIRECT_OBJC_ISA_USAGE = YES_ERROR;
				CLANG_WARN_DOCUMENTATION_COMMENTS = YES;
				CLANG_WARN_EMPTY_BODY = YES;
				CLANG_WARN_ENUM_CONVERSION = YES;
				CLANG_WARN_INFINITE_RECURSION = YES;
				CLANG_WARN_INT_CONVERSION = YES;
				CLANG_WARN_NON_LITERAL_NULL_CONVERSION = YES;
				CLANG_WARN_OBJC_IMPLICIT_RETAIN_SELF = YES;
				CLANG_WARN_OBJC_LITERAL_CONVERSION = YES;
				CLANG_WARN_OBJC_ROOT_CLASS = YES_ERROR;
				CLANG_WARN_QUOTED_INCLUDE_IN_FRAMEWORK_HEADER = YES;
				CLANG_WARN_RANGE_LOOP_ANALYSIS = YES;
				CLANG_WARN_STRICT_PROTOTYPES = YES;
				CLANG_WARN_SUSPICIOUS_MOVE = YES;
				CLANG_WARN_UNGUARDED_AVAILABILITY = YES_AGGRESSIVE;
				CLANG_WARN_UNREACHABLE_CODE = YES;
				CLANG_WARN__DUPLICATE_METHOD_MATCH = YES;
				COPY_PHASE_STRIP = NO;
				DEBUG_INFORMATION_FORMAT = "dwarf-with-dsym";
				ENABLE_NS_ASSERTIONS = NO;
				ENABLE_STRICT_OBJC_MSGSEND = YES;
				ENABLE_USER_SCRIPT_SANDBOXING = YES;
				GCC_C_LANGUAGE_STANDARD = gnu17;
				GCC_NO_COMMON_BLOCKS = YES;
				GCC_WARN_64_TO_32_BIT_CONVERSION = YES;
				GCC_WARN_ABOUT_RETURN_TYPE = YES_ERROR;
				GCC_WARN_UNDECLARED_SELECTOR = YES;
				GCC_WARN_UNINITIALIZED_AUTOS = YES_AGGRESSIVE;
				GCC_WARN_UNUSED_FUNCTION = YES;
				GCC_WARN_UNUSED_VARIABLE = YES;
				IPHONEOS_DEPLOYMENT_TARGET = 17.5;
				LOCALIZATION_PREFERS_STRING_CATALOGS = YES;
				MTL_ENABLE_DEBUG_INFO = NO;
				MTL_FAST_MATH = YES;
				SDKROOT = iphoneos;
				SWIFT_COMPILATION_MODE = wholemodule;
				VALIDATE_PRODUCT = YES;
			};
			name = Release;
		};
		D8A89B192BF55D2200DD2CAC /* Debug */ = {
			isa = XCBuildConfiguration;
			buildSettings = {
				ASSETCATALOG_COMPILER_APPICON_NAME = AppIcon;
				ASSETCATALOG_COMPILER_GLOBAL_ACCENT_COLOR_NAME = AccentColor;
				CODE_SIGN_STYLE = Automatic;
				CURRENT_PROJECT_VERSION = 1;
				DEVELOPMENT_ASSET_PATHS = "\"SoulMate/Preview Content\"";
				DEVELOPMENT_TEAM = 6M7P6SL76D;
				ENABLE_PREVIEWS = YES;
				GENERATE_INFOPLIST_FILE = YES;
				INFOPLIST_KEY_UIApplicationSceneManifest_Generation = YES;
				INFOPLIST_KEY_UIApplicationSupportsIndirectInputEvents = YES;
				INFOPLIST_KEY_UILaunchScreen_Generation = YES;
				INFOPLIST_KEY_UISupportedInterfaceOrientations_iPad = "UIInterfaceOrientationPortrait UIInterfaceOrientationPortraitUpsideDown UIInterfaceOrientationLandscapeLeft UIInterfaceOrientationLandscapeRight";
				INFOPLIST_KEY_UISupportedInterfaceOrientations_iPhone = "UIInterfaceOrientationPortrait UIInterfaceOrientationLandscapeLeft UIInterfaceOrientationLandscapeRight";
				LD_RUNPATH_SEARCH_PATHS = (
					"$(inherited)",
					"@executable_path/Frameworks",
				);
				MARKETING_VERSION = 1.0;
				PRODUCT_BUNDLE_IDENTIFIER = SoulMate.SoulMate;
				PRODUCT_NAME = "$(TARGET_NAME)";
				SWIFT_EMIT_LOC_STRINGS = YES;
				SWIFT_VERSION = 5.0;
				TARGETED_DEVICE_FAMILY = "1,2";
			};
			name = Debug;
		};
		D8A89B1A2BF55D2200DD2CAC /* Release */ = {
			isa = XCBuildConfiguration;
			buildSettings = {
				ASSETCATALOG_COMPILER_APPICON_NAME = AppIcon;
				ASSETCATALOG_COMPILER_GLOBAL_ACCENT_COLOR_NAME = AccentColor;
				CODE_SIGN_STYLE = Automatic;
				CURRENT_PROJECT_VERSION = 1;
				DEVELOPMENT_ASSET_PATHS = "\"SoulMate/Preview Content\"";
				DEVELOPMENT_TEAM = 6M7P6SL76D;
				ENABLE_PREVIEWS = YES;
				GENERATE_INFOPLIST_FILE = YES;
				INFOPLIST_KEY_UIApplicationSceneManifest_Generation = YES;
				INFOPLIST_KEY_UIApplicationSupportsIndirectInputEvents = YES;
				INFOPLIST_KEY_UILaunchScreen_Generation = YES;
				INFOPLIST_KEY_UISupportedInterfaceOrientations_iPad = "UIInterfaceOrientationPortrait UIInterfaceOrientationPortraitUpsideDown UIInterfaceOrientationLandscapeLeft UIInterfaceOrientationLandscapeRight";
				INFOPLIST_KEY_UISupportedInterfaceOrientations_iPhone = "UIInterfaceOrientationPortrait UIInterfaceOrientationLandscapeLeft UIInterfaceOrientationLandscapeRight";
				LD_RUNPATH_SEARCH_PATHS = (
					"$(inherited)",
					"@executable_path/Frameworks",
				);
				MARKETING_VERSION = 1.0;
				PRODUCT_BUNDLE_IDENTIFIER = SoulMate.SoulMate;
				PRODUCT_NAME = "$(TARGET_NAME)";
				SWIFT_EMIT_LOC_STRINGS = YES;
				SWIFT_VERSION = 5.0;
				TARGETED_DEVICE_FAMILY = "1,2";
			};
			name = Release;
		};
/* End XCBuildConfiguration section */

/* Begin XCConfigurationList section */
		D8A89B052BF55D2000DD2CAC /* Build configuration list for PBXProject "SoulMate" */ = {
			isa = XCConfigurationList;
			buildConfigurations = (
				D8A89B162BF55D2200DD2CAC /* Debug */,
				D8A89B172BF55D2200DD2CAC /* Release */,
			);
			defaultConfigurationIsVisible = 0;
			defaultConfigurationName = Release;
		};
		D8A89B182BF55D2200DD2CAC /* Build configuration list for PBXNativeTarget "SoulMate" */ = {
			isa = XCConfigurationList;
			buildConfigurations = (
				D8A89B192BF55D2200DD2CAC /* Debug */,
				D8A89B1A2BF55D2200DD2CAC /* Release */,
			);
			defaultConfigurationIsVisible = 0;
			defaultConfigurationName = Release;
		};
/* End XCConfigurationList section */
	};
	rootObject = D8A89B022BF55D2000DD2CAC /* Project object */;
}
